
Microsoft Visual Studio Solution File, Format Version 12.00
# Visual Studio 15
VisualStudioVersion = 15.0.28307.271
MinimumVisualStudioVersion = 10.0.40219.1
Project("{888888A0-9F3D-457C-B088-3A5042F75D52}") = "StockPrediction", "StockPrediction.pyproj", "{B1C6E13D-8A4C-4D79-8543-4C0604C4E275}"
EndProject
Global
	GlobalSection(SolutionConfigurationPlatforms) = preSolution
		Debug|Any CPU = Debug|Any CPU
		Release|Any CPU = Release|Any CPU
	EndGlobalSection
	GlobalSection(ProjectConfigurationPlatforms) = postSolution
		{B1C6E13D-8A4C-4D79-8543-4C0604C4E275}.Debug|Any CPU.ActiveCfg = Debug|Any CPU
		{B1C6E13D-8A4C-4D79-8543-4C0604C4E275}.Release|Any CPU.ActiveCfg = Release|Any CPU
	EndGlobalSection
	GlobalSection(SolutionProperties) = preSolution
		HideSolutionNode = FALSE
	EndGlobalSection
	GlobalSection(ExtensibilityGlobals) = postSolution
		SolutionGuid = {D8866B72-EFC0-4B9A-B5BA-EB0D9DD6F5F4}
	EndGlobalSection
EndGlobal
